schema: '2.0'
stages:
  prepare:
    cmd: gunzip -k data/gwas/homo_sapiens_ensembl_103/Homo_sapiens.GRCh38.dna.primary_assembly.fa.gz
      && unzip -o -d data/ensembl/103 data/ensembl/103/103.zip && mv data/ensembl/103/VEP_plugins-release-103
      data/ensembl/103/plugins
    deps:
    - path: data/ensembl/103/103.zip
    - path: data/gwas/homo_sapiens_ensembl_103/Homo_sapiens.GRCh38.dna.primary_assembly.fa.gz
    outs:
    - path: data/ensembl/103/plugins
    - path: data/gwas/homo_sapiens_ensembl_103/Homo_sapiens.GRCh38.dna.primary_assembly.fa
  start:
    cmd: docker-compose up
  stop:
    cmd: docker-compose down
  cache:
    cmd: tar -C  data/ensembl/103/cache/ -zxvf data/ensembl/103/cache/homo_sapiens_vep_103_GRCh38.tar.gz
    deps:
    - path: data/ensembl/103/cache/homo_sapiens_vep_103_GRCh38.tar.gz
    outs:
    - path: data/ensembl/103/cache/homo_sapiens
  prepare_genome:
    cmd: gunzip -k data/ensembl/104/species/Homo_sapiens/Homo_sapiens.GRCh38.dna.primary_assembly.fa.gz
      && samtools faidx data/ensembl/104/species/Homo_sapiens/Homo_sapiens.GRCh38.dna.primary_assembly.fa
      && samtools dict data/ensembl/104/species/Homo_sapiens/Homo_sapiens.GRCh38.dna.primary_assembly.fa
      -o data/ensembl/104/species/Homo_sapiens/Homo_sapiens.GRCh38.dna.primary_assembly.fa.dict
      md5sum data/ensembl/104/species/Homo_sapiens/Homo_sapiens.GRCh38.dna.primary_assembly.fa.*
      > data/ensembl/104/species/Homo_sapiens/Homo_sapiens.GRCh38.dna.primary_assembly.fa.md5
    deps:
    - path: data/ensembl/104/species/Homo_sapiens/Homo_sapiens.GRCh38.dna.primary_assembly.fa.gz
      md5: f58a039f83d8944ceb79cdd16cbda583
      size: 881211416
    outs:
    - path: data/ensembl/104/species/Homo_sapiens/Homo_sapiens.GRCh38.dna.primary_assembly.fa
      md5: 9e6b9465dc708d92bf6d67e9c9fa9389
      size: 3151425857
    - path: data/ensembl/104/species/Homo_sapiens/Homo_sapiens.GRCh38.dna.primary_assembly.fa.dict
      md5: 4d773b3154e459483c5963cb464f6b3a
      size: 34186
    - path: data/ensembl/104/species/Homo_sapiens/Homo_sapiens.GRCh38.dna.primary_assembly.fa.fai
      md5: d527f3eb6b664020cf4d882b5820056f
      size: 6406
    - path: data/ensembl/104/species/Homo_sapiens/Homo_sapiens.GRCh38.dna.primary_assembly.fa.md5
      md5: d41d8cd98f00b204e9800998ecf8427e
      size: 0
  prepare_vep:
    cmd: unzip -u data/ensembl/103/103.zip -d data/ensembl/103/ && mv data/ensembl/103/VEP_plugins-release-103
      data/ensembl/103/plugins
    deps:
    - path: data/ensembl/103/103.zip
    - path: data/ensembl/103/cache/homo_sapiens_vep_103_GRCh38.tar.gz
    outs:
    - path: data/ensembl/103/plugins/
  prepare_annotations:
    cmd: "gunzip -c data/gwas/annotations/all_variant_disease_pmid_associations.tsv.gz\
      \ |\n   awk '($1 ~ /^snpId/ || $2 ~ /NA/) {next} {print $0}' |\n   sort -t $'\\\
      t' -k2,2 -k3,3n |\n   awk '{ gsub (/\\t +/, \"\\t\", $0); print}' |\n   bgzip\
      \ -c > data/gwas/annotations/all_variant_disease_pmid_associations_final.tsv.gz\
      \ &&\nrm -f data/gwas/annotations/gene2phenotype/AllG2P.csv && awk '(NR == 1)\
      \ || (FNR > 1)' data/gwas/annotations/gene2phenotype/*.csv  > data/gwas/annotations/gene2phenotype/AllG2P.csv"
    deps:
    - path: data/gwas/annotations/all_variant_disease_pmid_associations.tsv.gz
    - path: data/gwas/annotations/clinvar.vcf.gz
    - path: data/gwas/annotations/clinvar.vcf.gz.tbi
    - path: data/gwas/annotations/gene2phenotype/CancerG2P.csv
    - path: data/gwas/annotations/gene2phenotype/DDG2P.csv
    - path: data/gwas/annotations/gene2phenotype/EyeG2P.csv
    - path: data/gwas/annotations/gene2phenotype/SkinG2P.csv
    outs:
    - path: data/gwas/annotations/all_variant_disease_pmid_associations_final.tsv.gz
    - path: data/gwas/annotations/gene2phenotype/AllG2P.csv
  prepare_vep_plugins:
    cmd: unzip -u data/ensembl/104/104.zip -d data/ensembl/104/ && mv data/ensembl/104/VEP_plugins-release-104
      data/ensembl/104/plugins
    deps:
    - path: data/ensembl/104/104.zip
      md5: 772bc404b00bf6a2b61caa174290d4eb
      size: 497692
    outs:
    - path: data/ensembl/104/plugins/
      md5: 450fadc8bdca9e4e2ba36aa73b3a7e63.dir
      size: 1402456
      nfiles: 71
  prepare_vep_cache:
    cmd: tar -zxf data/ensembl/104/homo_sapiens_vep_104_GRCh38.tar.gz -C data/ensembl/104/cache/
    deps:
    - path: data/ensembl/104/homo_sapiens_vep_104_GRCh38.tar.gz
      md5: cae9eb37cf55cf19144f220e40eca928
      size: 15787286822
    outs:
    - path: data/ensembl/104/cache/homo_sapiens
      md5: beff7a57f9e70f63a17b5ad481a829bf.dir
      size: 15789560395
      nfiles: 12042
  prepare_annotations_clinvar:
    cmd: echo "Clinvars annotations prepared"
    deps:
    - path: data/gwas/annotations/clinvar.vcf.gz
      md5: 9403ec94164ba0ea2029f83b17c1716d
      size: 39018953
    - path: data/gwas/annotations/clinvar.vcf.gz.tbi
      md5: 5afcfda6504b75b1026adb119a44278a
      size: 299512
  prepare_annotations_gene2phenotype:
    cmd: rm -f data/gwas/annotations/gene2phenotype/AllG2P.csv && awk '(NR == 1) ||
      (FNR > 1)' data/gwas/annotations/gene2phenotype/*.csv  > data/gwas/annotations/gene2phenotype/AllG2P.csv
    deps:
    - path: data/gwas/annotations/gene2phenotype/CancerG2P.csv
      md5: 6504732dc971b2578c21a8cbd6c2d3ad
      size: 19914
    - path: data/gwas/annotations/gene2phenotype/DDG2P.csv
      md5: d21a0e446a3cc3b3adbae486cd6d11c6
      size: 776664
    - path: data/gwas/annotations/gene2phenotype/EyeG2P.csv
      md5: 9bf5d96096c52df97792b165fbfeda45
      size: 221233
    - path: data/gwas/annotations/gene2phenotype/SkinG2P.csv
      md5: 15e1b25db13f3929357ba3dba60e7e1b
      size: 214278
    outs:
    - path: data/gwas/annotations/gene2phenotype/AllG2P.csv
      md5: ccf679127863b2832ccb1ceb2561502a
      size: 1231432
  prepare_annotations_digenet:
    cmd: "gunzip -c data/gwas/annotations/all_variant_disease_pmid_associations.tsv.gz\
      \ |\n   awk '($1 ~ /^snpId/ || $2 ~ /NA/) {next} {print $0}' |\n   sort -t $'\\\
      t' -k2,2 -k3,3n |\n   awk '{ gsub (/\\t +/, \"\\t\", $0); print}' |\n   bgzip\
      \ -c > data/gwas/annotations/all_variant_disease_pmid_associations_final.tsv.gz"
    deps:
    - path: data/gwas/annotations/all_variant_disease_pmid_associations.tsv.gz
      md5: a393c9e8e104297aadcb7188f6460eaf
      size: 11171100
    outs:
    - path: data/gwas/annotations/all_variant_disease_pmid_associations_final.tsv.gz
      md5: 3d5dea024369a02f300ca3346eedc967
      size: 9918420
  prepare_opencravat:
    cmd: oc module install-base
  test_opencravat:
    cmd: oc new example-input . && oc run ./example_input -l hg38 && oc gui example_input/example_input.sqlite
  install_opencravat:
    cmd: oc module install-base && oc module install -y clinvar clinvar_acmg biogrid
      uk10k_cohort uniprot pubmed provean polyphen2 cardioboost civic civic_gene cosmic
      cosmic_gene go sift ensembl_regulatory_build dgi cvdkp
  install_cancer:
    cmd: oc module install chasmplus cgc cgl cancer_genome_interpreter cancer_hotspots
      civic
  prepare_annotations_longevity:
    cmd: wget -qO- --timestamping https://genomics.senescence.info/longevity/longevity_genes.zip
      | bsdtar -xvf- -C data/gwas/annotations/ longevity.csv
    outs:
    - path: data/gwas/annotations/longevity.csv
      md5: 54e53fe8c1a97282458249e1625beec8
      size: 66288
